{
    "name": "mydirstat",
    "version": "0.1.0",
    "lockfileVersion": 3,
    "requires": true,
    "packages": {
        "": {
            "name": "mydirstat",
            "version": "0.1.0",
            "license": "MIT",
            "dependencies": {
                "material-icon-theme": "^5.38.1"
            },
            "bin": {
                "mydirstat": "bin/mydirstat.js"
            },
            "devDependencies": {
                "@types/node": "^26.4.0",
                "typescript": "^5.6.0"
            },
            "engines": {
                "node": ">=18.17"
            }
        },
        "node_modules/@types/node": {
            "version": "26.4.0",
            "resolved": "https://registry.npmjs.org/@types/node/-/node-26.4.0.tgz",
            "integrity": "sha512-faiGnoIrLH/V8cibOMEAZ8pMw6oXqSukl29ra4mN8GdaB2ZewzeaLj+INpV5N+Z1eKWzY+IzaIZH2EIR6YZRNQ==",
            "dev": true,
            "license": "MIT",
            "dependencies": {
                "undici-types": "~8.3.0"
            }
        },
        "node_modules/chroma-js": {
            "version": "3.2.0",
            "resolved": "https://registry.npmjs.org/chroma-js/-/chroma-js-3.2.0.tgz",
            "integrity": "sha512-os/OippSlX1RlWWr+QDPcGUZs0uoqr32urfxESG9U93lhUfbnlyckte84Q8P1UQY/qth983AS1JONKmLS4T0nw==",
            "license": "(BSD-3-Clause AND Apache-2.0)"
        },
        "node_modules/material-icon-theme": {
            "version": "5.38.1",
            "resolved": "https://registry.npmjs.org/material-icon-theme/-/material-icon-theme-5.38.1.tgz",
            "integrity": "sha512-14cFM4NJGdbuo68rIZTq9TSX0f5BtA6VF+eNX3zq23Z5NoEeVtM4Zn4PpZ0ERl++50jCBrywKFWXmOjbxf0xTA==",
            "license": "MIT",
            "dependencies": {
                "chroma-js": "^3.2.0"
            },
            "engines": {
                "vscode": "^1.55.0"
            },
            "funding": {
                "url": "https://github.com/sponsors/material-extensions"
            }
        },
        "node_modules/typescript": {
            "version": "5.9.3",
            "resolved": "https://registry.npmjs.org/typescript/-/typescript-5.9.3.tgz",
            "integrity": "sha512-jl1vZzPDinLr9eUt3J/t7V6FgNEw9QjvBPdysz9KfQDD41fQrC2Y4vKQdiaUpFT4bXlb1RHhLpp8wtm6M5TgSw==",
            "dev": true,
            "license": "Apache-2.0",
            "bin": {
                "tsc": "bin/tsc",
                "tsserver": "bin/tsserver"
            },
            "engines": {
                "node": ">=14.17"
            }
        },
        "node_modules/undici-types": {
            "version": "8.3.0",
            "resolved": "https://registry.npmjs.org/undici-types/-/undici-types-8.3.0.tgz",
            "integrity": "sha512-j375ScV60dom+YkPFIfTLcOiPxkN/buHz5GobjLhixFuANaNs3C9l4GmrWqejgXWJ7BbJcFYpTEUkS1Ge8bpZQ==",
            "dev": true,
            "license": "MIT"
        }
    }
}
